
Microsoft Visual Studio Solution File, Format Version 12.00
# Visual Studio Version 16
VisualStudioVersion = 16.0.30309.148
MinimumVisualStudioVersion = 10.0.40219.1
Project("{FAE04EC0-301F-11D3-BF4B-00C04F79EFBC}") = "MvcProjeKampi", "MvcProjeKampi.csproj", "{43513B02-3FB7-4F1A-BD37-8DB14BDE8634}"
EndProject
Project("{FAE04EC0-301F-11D3-BF4B-00C04F79EFBC}") = "EntityLayer", "..\EntityLayer\EntityLayer.csproj", "{F546F415-4F50-4113-AE4B-E9EC72393684}"
EndProject
Project("{FAE04EC0-301F-11D3-BF4B-00C04F79EFBC}") = "DataAccessLayer", "..\DataAccessLayer\DataAccessLayer.csproj", "{46AA501C-900C-4F8E-BFB7-C34579387B2D}"
EndProject
Project("{FAE04EC0-301F-11D3-BF4B-00C04F79EFBC}") = "BusinessLayer", "..\BusinessLayer\BusinessLayer.csproj", "{8BE97DD2-86E9-47D9-AC38-0FBFD276AD97}"
EndProject
Global
	GlobalSection(SolutionConfigurationPlatforms) = preSolution
		Debug|Any CPU = Debug|Any CPU
		Release|Any CPU = Release|Any CPU
	EndGlobalSection
	GlobalSection(ProjectConfigurationPlatforms) = postSolution
		{43513B02-3FB7-4F1A-BD37-8DB14BDE8634}.Debug|Any CPU.ActiveCfg = Debug|Any CPU
		{43513B02-3FB7-4F1A-BD37-8DB14BDE8634}.Debug|Any CPU.Build.0 = Debug|Any CPU
		{43513B02-3FB7-4F1A-BD37-8DB14BDE8634}.Release|Any CPU.ActiveCfg = Release|Any CPU
		{43513B02-3FB7-4F1A-BD37-8DB14BDE8634}.Release|Any CPU.Build.0 = Release|Any CPU
		{F546F415-4F50-4113-AE4B-E9EC72393684}.Debug|Any CPU.ActiveCfg = Debug|Any CPU
		{F546F415-4F50-4113-AE4B-E9EC72393684}.Debug|Any CPU.Build.0 = Debug|Any CPU
		{F546F415-4F50-4113-AE4B-E9EC72393684}.Release|Any CPU.ActiveCfg = Release|Any CPU
		{F546F415-4F50-4113-AE4B-E9EC72393684}.Release|Any CPU.Build.0 = Release|Any CPU
		{46AA501C-900C-4F8E-BFB7-C34579387B2D}.Debug|Any CPU.ActiveCfg = Debug|Any CPU
		{46AA501C-900C-4F8E-BFB7-C34579387B2D}.Debug|Any CPU.Build.0 = Debug|Any CPU
		{46AA501C-900C-4F8E-BFB7-C34579387B2D}.Release|Any CPU.ActiveCfg = Release|Any CPU
		{46AA501C-900C-4F8E-BFB7-C34579387B2D}.Release|Any CPU.Build.0 = Release|Any CPU
		{8BE97DD2-86E9-47D9-AC38-0FBFD276AD97}.Debug|Any CPU.ActiveCfg = Debug|Any CPU
		{8BE97DD2-86E9-47D9-AC38-0FBFD276AD97}.Debug|Any CPU.Build.0 = Debug|Any CPU
		{8BE97DD2-86E9-47D9-AC38-0FBFD276AD97}.Release|Any CPU.ActiveCfg = Release|Any CPU
		{8BE97DD2-86E9-47D9-AC38-0FBFD276AD97}.Release|Any CPU.Build.0 = Release|Any CPU
	EndGlobalSection
	GlobalSection(SolutionProperties) = preSolution
		HideSolutionNode = FALSE
	EndGlobalSection
	GlobalSection(ExtensibilityGlobals) = postSolution
		SolutionGuid = {BCED0009-DEF0-4671-AB91-3C4500DF45D7}
	EndGlobalSection
EndGlobal
